
Microsoft Visual Studio Solution File, Format Version 12.00
# Visual Studio Version 17
VisualStudioVersion = 17.4.33103.184
MinimumVisualStudioVersion = 10.0.40219.1
Project("{9A19103F-16F7-4668-BE54-9A1E7A4F7556}") = "Web", "Client-Task-Executor\Web.csproj", "{A3A7C77F-3DB6-4A3C-AF85-C77A51B6B229}"
EndProject
Project("{9A19103F-16F7-4668-BE54-9A1E7A4F7556}") = "ApplicationCore", "ApplicationCore\ApplicationCore.csproj", "{A08BA572-2AC4-479A-B1FF-0F878452949B}"
EndProject
Project("{9A19103F-16F7-4668-BE54-9A1E7A4F7556}") = "Infrastructure", "Infrastructure\Infrastructure.csproj", "{F6ABCD66-89AD-4669-8E7A-D7597574E379}"
EndProject
Global
	GlobalSection(SolutionConfigurationPlatforms) = preSolution
		Debug|Any CPU = Debug|Any CPU
		Release|Any CPU = Release|Any CPU
	EndGlobalSection
	GlobalSection(ProjectConfigurationPlatforms) = postSolution
		{A3A7C77F-3DB6-4A3C-AF85-C77A51B6B229}.Debug|Any CPU.ActiveCfg = Debug|Any CPU
		{A3A7C77F-3DB6-4A3C-AF85-C77A51B6B229}.Debug|Any CPU.Build.0 = Debug|Any CPU
		{A3A7C77F-3DB6-4A3C-AF85-C77A51B6B229}.Release|Any CPU.ActiveCfg = Release|Any CPU
		{A3A7C77F-3DB6-4A3C-AF85-C77A51B6B229}.Release|Any CPU.Build.0 = Release|Any CPU
		{A08BA572-2AC4-479A-B1FF-0F878452949B}.Debug|Any CPU.ActiveCfg = Debug|Any CPU
		{A08BA572-2AC4-479A-B1FF-0F878452949B}.Debug|Any CPU.Build.0 = Debug|Any CPU
		{A08BA572-2AC4-479A-B1FF-0F878452949B}.Release|Any CPU.ActiveCfg = Release|Any CPU
		{A08BA572-2AC4-479A-B1FF-0F878452949B}.Release|Any CPU.Build.0 = Release|Any CPU
		{F6ABCD66-89AD-4669-8E7A-D7597574E379}.Debug|Any CPU.ActiveCfg = Debug|Any CPU
		{F6ABCD66-89AD-4669-8E7A-D7597574E379}.Debug|Any CPU.Build.0 = Debug|Any CPU
		{F6ABCD66-89AD-4669-8E7A-D7597574E379}.Release|Any CPU.ActiveCfg = Release|Any CPU
		{F6ABCD66-89AD-4669-8E7A-D7597574E379}.Release|Any CPU.Build.0 = Release|Any CPU
	EndGlobalSection
	GlobalSection(SolutionProperties) = preSolution
		HideSolutionNode = FALSE
	EndGlobalSection
	GlobalSection(ExtensibilityGlobals) = postSolution
		SolutionGuid = {B803E028-5D4E-4C9E-9BE0-2E2667280C03}
	EndGlobalSection
EndGlobal
